
Microsoft Visual Studio Solution File, Format Version 12.00
# Visual Studio Version 17
VisualStudioVersion = 17.12.35527.113 d17.12
MinimumVisualStudioVersion = 10.0.40219.1
Project("{FAE04EC0-301F-11D3-BF4B-00C04F79EFBC}") = "2180604628-Nguyen Thanh Kien tuan 2", "2180604628-Nguyen Thanh Kien tuan 2\2180604628-Nguyen Thanh Kien tuan 2.csproj", "{94BBAE95-DB68-4409-AE30-C05AC841A5BB}"
EndProject
Global
	GlobalSection(SolutionConfigurationPlatforms) = preSolution
		Debug|Any CPU = Debug|Any CPU
		Release|Any CPU = Release|Any CPU
	EndGlobalSection
	GlobalSection(ProjectConfigurationPlatforms) = postSolution
		{94BBAE95-DB68-4409-AE30-C05AC841A5BB}.Debug|Any CPU.ActiveCfg = Debug|Any CPU
		{94BBAE95-DB68-4409-AE30-C05AC841A5BB}.Debug|Any CPU.Build.0 = Debug|Any CPU
		{94BBAE95-DB68-4409-AE30-C05AC841A5BB}.Release|Any CPU.ActiveCfg = Release|Any CPU
		{94BBAE95-DB68-4409-AE30-C05AC841A5BB}.Release|Any CPU.Build.0 = Release|Any CPU
	EndGlobalSection
	GlobalSection(SolutionProperties) = preSolution
		HideSolutionNode = FALSE
	EndGlobalSection
EndGlobal
