
Microsoft Visual Studio Solution File, Format Version 12.00
# Visual Studio Version 17
VisualStudioVersion = 17.14.36221.1 d17.14
MinimumVisualStudioVersion = 10.0.40219.1
Project("{FAE04EC0-301F-11D3-BF4B-00C04F79EFBC}") = "Github_Copilot", "Github_Copilot.csproj", "{AF0EFD42-4DC7-40B2-89CF-A3E4F1E7B421}"
EndProject
Global
	GlobalSection(SolutionConfigurationPlatforms) = preSolution
		Debug|Any CPU = Debug|Any CPU
		Release|Any CPU = Release|Any CPU
	EndGlobalSection
	GlobalSection(ProjectConfigurationPlatforms) = postSolution
		{AF0EFD42-4DC7-40B2-89CF-A3E4F1E7B421}.Debug|Any CPU.ActiveCfg = Debug|Any CPU
		{AF0EFD42-4DC7-40B2-89CF-A3E4F1E7B421}.Debug|Any CPU.Build.0 = Debug|Any CPU
		{AF0EFD42-4DC7-40B2-89CF-A3E4F1E7B421}.Release|Any CPU.ActiveCfg = Release|Any CPU
		{AF0EFD42-4DC7-40B2-89CF-A3E4F1E7B421}.Release|Any CPU.Build.0 = Release|Any CPU
	EndGlobalSection
	GlobalSection(SolutionProperties) = preSolution
		HideSolutionNode = FALSE
	EndGlobalSection
	GlobalSection(ExtensibilityGlobals) = postSolution
		SolutionGuid = {E6F98690-1DA6-490C-BA3B-969870B49E15}
	EndGlobalSection
EndGlobal
